
Microsoft Visual Studio Solution File, Format Version 12.00
# Visual Studio 15
VisualStudioVersion = 15.0.28307.1340
MinimumVisualStudioVersion = 10.0.40219.1
Project("{9A19103F-16F7-4668-BE54-9A1E7A4F7556}") = "TestCodeChallenge", "TestCodeChallenge\TestCodeChallenge.csproj", "{30320792-AEDC-4D4E-A4B3-BEF2273D936A}"
EndProject
Global
	GlobalSection(SolutionConfigurationPlatforms) = preSolution
		Debug|Any CPU = Debug|Any CPU
		Release|Any CPU = Release|Any CPU
	EndGlobalSection
	GlobalSection(ProjectConfigurationPlatforms) = postSolution
		{30320792-AEDC-4D4E-A4B3-BEF2273D936A}.Debug|Any CPU.ActiveCfg = Debug|Any CPU
		{30320792-AEDC-4D4E-A4B3-BEF2273D936A}.Debug|Any CPU.Build.0 = Debug|Any CPU
		{30320792-AEDC-4D4E-A4B3-BEF2273D936A}.Release|Any CPU.ActiveCfg = Release|Any CPU
		{30320792-AEDC-4D4E-A4B3-BEF2273D936A}.Release|Any CPU.Build.0 = Release|Any CPU
	EndGlobalSection
	GlobalSection(SolutionProperties) = preSolution
		HideSolutionNode = FALSE
	EndGlobalSection
	GlobalSection(ExtensibilityGlobals) = postSolution
		SolutionGuid = {3D968A08-79E2-4191-A779-C64F89BE59F2}
	EndGlobalSection
EndGlobal
